
Microsoft Visual Studio Solution File, Format Version 12.00
# Visual Studio Version 17
VisualStudioVersion = 17.10.35122.118
MinimumVisualStudioVersion = 10.0.40219.1
Project("{FAE04EC0-301F-11D3-BF4B-00C04F79EFBC}") = "CSharpOdev13", "CSharpOdev13\CSharpOdev13.csproj", "{418DDA3A-451C-44DC-8199-6AF69E0D21E6}"
EndProject
Project("{2150E333-8FDC-42A3-9474-1A3956D46DE8}") = "Solution Items", "Solution Items", "{C0DE6F57-933C-415B-99C4-9D0F7161B703}"
	ProjectSection(SolutionItems) = preProject
		README.md = README.md
	EndProjectSection
EndProject
Global
	GlobalSection(SolutionConfigurationPlatforms) = preSolution
		Debug|Any CPU = Debug|Any CPU
		Release|Any CPU = Release|Any CPU
	EndGlobalSection
	GlobalSection(ProjectConfigurationPlatforms) = postSolution
		{418DDA3A-451C-44DC-8199-6AF69E0D21E6}.Debug|Any CPU.ActiveCfg = Debug|Any CPU
		{418DDA3A-451C-44DC-8199-6AF69E0D21E6}.Debug|Any CPU.Build.0 = Debug|Any CPU
		{418DDA3A-451C-44DC-8199-6AF69E0D21E6}.Release|Any CPU.ActiveCfg = Release|Any CPU
		{418DDA3A-451C-44DC-8199-6AF69E0D21E6}.Release|Any CPU.Build.0 = Release|Any CPU
	EndGlobalSection
	GlobalSection(SolutionProperties) = preSolution
		HideSolutionNode = FALSE
	EndGlobalSection
	GlobalSection(ExtensibilityGlobals) = postSolution
		SolutionGuid = {219B2C14-D54A-4693-82C4-0735DFEE2BD3}
	EndGlobalSection
EndGlobal
